<?xml version="1.0" encoding="utf-8"?>
<Project ToolsVersion="4.0" xmlns="http://schemas.microsoft.com/developer/msbuild/2003">
  <ItemGroup>
    <Filter Include="Source Files">
      <UniqueIdentifier>{4FC737F1-C7A5-4376-A066-2A32D752A2FF}</UniqueIdentifier>
      <Extensions>cpp;c;cc;cxx;def;odl;idl;hpj;bat;asm;asmx</Extensions>
    </Filter>
    <Filter Include="Header Files">
      <UniqueIdentifier>{93995380-89BD-4b04-88EB-625FBE52EBFB}</UniqueIdentifier>
      <Extensions>h;hpp;hxx;hm;inl;inc;xsd</Extensions>
    </Filter>
    <Filter Include="Resource Files">
      <UniqueIdentifier>{67DA6AB6-F800-4c08-8B7A-83BB121AAD01}</UniqueIdentifier>
      <Extensions>rc;ico;cur;bmp;dlg;rc2;rct;bin;rgs;gif;jpg;jpeg;jpe;resx;tiff;tif;png;wav</Extensions>
    </Filter>
  </ItemGroup>
  <ItemGroup>
    <ClCompile Include="FastIo.c">
      <Filter>Source Files</Filter>
    </ClCompile>
    <ClCompile Include="FileApiBYIRP.c">
      <Filter>Source Files</Filter>
    </ClCompile>
    <ClCompile Include="FileInformation.c">
      <Filter>Source Files</Filter>
    </ClCompile>
    <ClCompile Include="FilterDispatch.c">
      <Filter>Source Files</Filter>
    </ClCompile>
    <ClCompile Include="IFunc.c">
      <Filter>Source Files</Filter>
    </ClCompile>
    <ClCompile Include="iomonitor.c">
      <Filter>Source Files</Filter>
    </ClCompile>
    <ClCompile Include="JFile.c">
      <Filter>Source Files</Filter>
    </ClCompile>
    <ClCompile Include="LoadDatFile.c">
      <Filter>Source Files</Filter>
    </ClCompile>
    <ClCompile Include="Log.c">
      <Filter>Source Files</Filter>
    </ClCompile>
    <ClCompile Include="OwnDispatch.c">
      <Filter>Source Files</Filter>
    </ClCompile>
    <ClCompile Include="ScanImp.c">
      <Filter>Source Files</Filter>
    </ClCompile>
    <ClCompile Include="AvlTree.c">
      <Filter>Source Files</Filter>
    </ClCompile>
    <ClCompile Include="BinaryTranslate.c">
      <Filter>Source Files</Filter>
    </ClCompile>
    <ClCompile Include="CPU.c">
      <Filter>Source Files</Filter>
    </ClCompile>
    <ClCompile Include="DatFileEnumator.c">
      <Filter>Source Files</Filter>
    </ClCompile>
    <ClCompile Include="DatFileLoader.c">
      <Filter>Source Files</Filter>
    </ClCompile>
    <ClCompile Include="DebugHeader.c">
      <Filter>Source Files</Filter>
    </ClCompile>
    <ClCompile Include="Header.c">
      <Filter>Source Files</Filter>
    </ClCompile>
    <ClCompile Include="Hook.c">
      <Filter>Source Files</Filter>
    </ClCompile>
    <ClCompile Include="JDecryptedFile.c">
      <Filter>Source Files</Filter>
    </ClCompile>
    <ClCompile Include="Mem.c">
      <Filter>Source Files</Filter>
    </ClCompile>
    <ClCompile Include="MemoryTree.c">
      <Filter>Source Files</Filter>
    </ClCompile>
    <ClCompile Include="OperationsFunctions.c">
      <Filter>Source Files</Filter>
    </ClCompile>
    <ClCompile Include="PatMatchUtility.c">
      <Filter>Source Files</Filter>
    </ClCompile>
    <ClCompile Include="SbScaner.c">
      <Filter>Source Files</Filter>
    </ClCompile>
    <ClCompile Include="SMBuffer.c">
      <Filter>Source Files</Filter>
    </ClCompile>
    <ClCompile Include="SMFile.c">
      <Filter>Source Files</Filter>
    </ClCompile>
    <ClCompile Include="StateMachine.c">
      <Filter>Source Files</Filter>
    </ClCompile>
    <ClCompile Include="VirtualMachine.c">
      <Filter>Source Files</Filter>
    </ClCompile>
  </ItemGroup>
  <ItemGroup>
    <ClInclude Include="Dms.h">
      <Filter>Header Files</Filter>
    </ClInclude>
    <ClInclude Include="FastIo.h">
      <Filter>Header Files</Filter>
    </ClInclude>
    <ClInclude Include="FileApiBYIRP.h">
      <Filter>Header Files</Filter>
    </ClInclude>
    <ClInclude Include="FileInformation.h">
      <Filter>Header Files</Filter>
    </ClInclude>
    <ClInclude Include="FilterDispatch.h">
      <Filter>Header Files</Filter>
    </ClInclude>
    <ClInclude Include="IFunc.h">
      <Filter>Header Files</Filter>
    </ClInclude>
    <ClInclude Include="IOCTL.h">
      <Filter>Header Files</Filter>
    </ClInclude>
    <ClInclude Include="iomonitor.h">
      <Filter>Header Files</Filter>
    </ClInclude>
    <ClInclude Include="jbuffer.h">
      <Filter>Header Files</Filter>
    </ClInclude>
    <ClInclude Include="Jfile.h">
      <Filter>Header Files</Filter>
    </ClInclude>
    <ClInclude Include="LoadDatFile.h">
      <Filter>Header Files</Filter>
    </ClInclude>
    <ClInclude Include="Log.h">
      <Filter>Header Files</Filter>
    </ClInclude>
    <ClInclude Include="OwnDispatch.h">
      <Filter>Header Files</Filter>
    </ClInclude>
    <ClInclude Include="ScanImp.h">
      <Filter>Header Files</Filter>
    </ClInclude>
    <ClInclude Include="SMTypeDefine.h">
      <Filter>Header Files</Filter>
    </ClInclude>
    <ClInclude Include="FileIoStruct.h">
      <Filter>Header Files</Filter>
    </ClInclude>
    <ClInclude Include="All_Defines.h">
      <Filter>Header Files</Filter>
    </ClInclude>
    <ClInclude Include="avltree.h">
      <Filter>Header Files</Filter>
    </ClInclude>
    <ClInclude Include="BinaryTranslate.h">
      <Filter>Header Files</Filter>
    </ClInclude>
    <ClInclude Include="CPU.h">
      <Filter>Header Files</Filter>
    </ClInclude>
    <ClInclude Include="DatFileEnumator.h">
      <Filter>Header Files</Filter>
    </ClInclude>
    <ClInclude Include="DatFileLoader.h">
      <Filter>Header Files</Filter>
    </ClInclude>
    <ClInclude Include="DatFileStruct.h">
      <Filter>Header Files</Filter>
    </ClInclude>
    <ClInclude Include="Header.h">
      <Filter>Header Files</Filter>
    </ClInclude>
    <ClInclude Include="hook.h">
      <Filter>Header Files</Filter>
    </ClInclude>
    <ClInclude Include="JDecryptedFile.h">
      <Filter>Header Files</Filter>
    </ClInclude>
    <ClInclude Include="Mem.h">
      <Filter>Header Files</Filter>
    </ClInclude>
    <ClInclude Include="MemoryTree.h">
      <Filter>Header Files</Filter>
    </ClInclude>
    <ClInclude Include="OperationsFunctions.h">
      <Filter>Header Files</Filter>
    </ClInclude>
    <ClInclude Include="PatMatchUtility.h">
      <Filter>Header Files</Filter>
    </ClInclude>
    <ClInclude Include="SbScaner.h">
      <Filter>Header Files</Filter>
    </ClInclude>
    <ClInclude Include="SMBuffer.h">
      <Filter>Header Files</Filter>
    </ClInclude>
    <ClInclude Include="SMFile.h">
      <Filter>Header Files</Filter>
    </ClInclude>
    <ClInclude Include="StateMachine.h">
      <Filter>Header Files</Filter>
    </ClInclude>
    <ClInclude Include="VirtualMachine.h">
      <Filter>Header Files</Filter>
    </ClInclude>
  </ItemGroup>
  <ItemGroup>
    <None Include="readme.txt" />
    <None Include="SOURCES">
      <Filter>Resource Files</Filter>
    </None>
  </ItemGroup>
</Project>