<?xml version="1.0" encoding="utf-8"?>
<Project ToolsVersion="4.0" xmlns="http://schemas.microsoft.com/developer/msbuild/2003">
  <ItemGroup>
    <Filter Include="Source Files">
      <UniqueIdentifier>{4FC737F1-C7A5-4376-A066-2A32D752A2FF}</UniqueIdentifier>
      <Extensions>cpp;c;cc;cxx;def;odl;idl;hpj;bat;asm;asmx</Extensions>
    </Filter>
    <Filter Include="Source Files\Header Files">
      <UniqueIdentifier>{93995380-89BD-4b04-88EB-625FBE52EBFB}</UniqueIdentifier>
      <Extensions>h;hpp;hxx;hm;inl;inc;xsd</Extensions>
    </Filter>
    <Filter Include="Resource Files">
      <UniqueIdentifier>{67DA6AB6-F800-4c08-8B7A-83BB121AAD01}</UniqueIdentifier>
      <Extensions>rc;ico;cur;bmp;dlg;rc2;rct;bin;rgs;gif;jpg;jpeg;jpe;resx;tiff;tif;png;wav</Extensions>
    </Filter>
    <Filter Include="Generate File">
      <UniqueIdentifier>{ad4d73de-cb3c-4a5f-9955-05748cec03be}</UniqueIdentifier>
    </Filter>
  </ItemGroup>
  <ItemGroup>
    <ClCompile Include="AVEngine.cpp">
      <Filter>Source Files</Filter>
    </ClCompile>
    <ClCompile Include="AVEngine_AsyncRPC_Impl.cpp">
      <Filter>Source Files</Filter>
    </ClCompile>
    <ClCompile Include="..\CrcMatch\Crc.cpp">
      <Filter>Source Files</Filter>
    </ClCompile>
    <ClCompile Include="..\FileType\FileInf.cpp">
      <Filter>Source Files</Filter>
    </ClCompile>
    <ClCompile Include="..\FileIoByDevice\FileIoByDevice.cpp">
      <Filter>Source Files</Filter>
    </ClCompile>
    <ClCompile Include="..\FileSystemEnumator\FileSystemEnumerator.cpp">
      <Filter>Source Files</Filter>
    </ClCompile>
    <ClCompile Include="..\JBuffer\JBuffer.cpp">
      <Filter>Source Files</Filter>
    </ClCompile>
    <ClCompile Include="..\JFilewraper\JCompressfile.cpp">
      <Filter>Source Files</Filter>
    </ClCompile>
    <ClCompile Include="..\Cryption\C++ Version\JDecryptedFile.cpp">
      <Filter>Source Files</Filter>
    </ClCompile>
    <ClCompile Include="..\JAVEnumator\JEnumerator.cpp">
      <Filter>Source Files</Filter>
    </ClCompile>
    <ClCompile Include="..\BaseObjects\JFile.cpp">
      <Filter>Source Files</Filter>
    </ClCompile>
    <ClCompile Include="..\FileSystemEnumator\JFindFile.cpp">
      <Filter>Source Files</Filter>
    </ClCompile>
    <ClCompile Include="..\ModuleEnumerator\JModuleEnumetor.cpp">
      <Filter>Source Files</Filter>
    </ClCompile>
    <ClCompile Include="..\TestZip\JZipEnumerator.cpp">
      <Filter>Source Files</Filter>
    </ClCompile>
    <ClCompile Include="..\BaseObjects\Logger.cpp">
      <Filter>Source Files</Filter>
    </ClCompile>
    <ClCompile Include="..\Md5\md5.cpp">
      <Filter>Source Files</Filter>
    </ClCompile>
    <ClCompile Include="..\BaseObjects\Msg.cpp">
      <Filter>Source Files</Filter>
    </ClCompile>
    <ClCompile Include="SafavaServiceProcess.cpp">
      <Filter>Source Files</Filter>
    </ClCompile>
    <ClCompile Include="SafavaServiceProcessManager.cpp">
      <Filter>Source Files</Filter>
    </ClCompile>
    <ClCompile Include="ServiceProcessConfig.cpp">
      <Filter>Source Files</Filter>
    </ClCompile>
    <ClCompile Include="..\Quarantine\SMQuarantine.cpp">
      <Filter>Source Files</Filter>
    </ClCompile>
    <ClCompile Include="..\TestZip\SMSubZipEnumator.cpp">
      <Filter>Source Files</Filter>
    </ClCompile>
    <ClCompile Include="..\TestRar\Unrar.cpp">
      <Filter>Source Files</Filter>
    </ClCompile>
    <ClCompile Include="..\AVEngine_AsyncRPC\AVEngine_AsyncRPC_s.c">
      <Filter>Generate File</Filter>
    </ClCompile>
  </ItemGroup>
  <ItemGroup>
    <ClInclude Include="AVEngine.h">
      <Filter>Source Files\Header Files</Filter>
    </ClInclude>
    <ClInclude Include="AVEngine_AsyncRPC_h.h">
      <Filter>Source Files\Header Files</Filter>
    </ClInclude>
    <ClInclude Include="..\..\BaseObjects\BaseObject.h">
      <Filter>Source Files\Header Files</Filter>
    </ClInclude>
    <ClInclude Include="BaseString.h">
      <Filter>Source Files\Header Files</Filter>
    </ClInclude>
    <ClInclude Include="..\..\CrcMatch\CrcMatch\crc.h">
      <Filter>Source Files\Header Files</Filter>
    </ClInclude>
    <ClInclude Include="..\..\FileType\FileInf.h">
      <Filter>Source Files\Header Files</Filter>
    </ClInclude>
    <ClInclude Include="..\..\FileIoByDevice\FileIoByDevice.h">
      <Filter>Source Files\Header Files</Filter>
    </ClInclude>
    <ClInclude Include="..\..\FileSystemEnumator\Enum\FileSystemEnumerator.h">
      <Filter>Source Files\Header Files</Filter>
    </ClInclude>
    <ClInclude Include="IUnCompersser.h">
      <Filter>Source Files\Header Files</Filter>
    </ClInclude>
    <ClInclude Include="..\..\JBuffer\JBuffer.h">
      <Filter>Source Files\Header Files</Filter>
    </ClInclude>
    <ClInclude Include="..\..\JFilewraper\JCompressfile.h">
      <Filter>Source Files\Header Files</Filter>
    </ClInclude>
    <ClInclude Include="JDecryptedFile.h">
      <Filter>Source Files\Header Files</Filter>
    </ClInclude>
    <ClInclude Include="..\..\JAVEnumator\JAVEnumator\JEnumerator.h">
      <Filter>Source Files\Header Files</Filter>
    </ClInclude>
    <ClInclude Include="Jerror.h">
      <Filter>Source Files\Header Files</Filter>
    </ClInclude>
    <ClInclude Include="..\..\FileSystemEnumator\Enum\JFindFile.h">
      <Filter>Source Files\Header Files</Filter>
    </ClInclude>
    <ClInclude Include="JMessage.h">
      <Filter>Source Files\Header Files</Filter>
    </ClInclude>
    <ClInclude Include="..\..\ModuleEnumerator\ModuleEnumerator\JModuleEnumetor.h">
      <Filter>Source Files\Header Files</Filter>
    </ClInclude>
    <ClInclude Include="..\..\TestZip\TestZip\JZipEnumerator.h">
      <Filter>Source Files\Header Files</Filter>
    </ClInclude>
    <ClInclude Include="Msg.h">
      <Filter>Source Files\Header Files</Filter>
    </ClInclude>
    <ClInclude Include="SafavaServiceProcess.h">
      <Filter>Source Files\Header Files</Filter>
    </ClInclude>
    <ClInclude Include="SafavaServiceProcessManager.h">
      <Filter>Source Files\Header Files</Filter>
    </ClInclude>
    <ClInclude Include="sample.h">
      <Filter>Source Files\Header Files</Filter>
    </ClInclude>
    <ClInclude Include="ServiceProcessConfig.h">
      <Filter>Source Files\Header Files</Filter>
    </ClInclude>
    <ClInclude Include="targetver.h">
      <Filter>Source Files\Header Files</Filter>
    </ClInclude>
    <ClInclude Include="..\..\TestRar\TestRar\Unrar.h">
      <Filter>Source Files\Header Files</Filter>
    </ClInclude>
  </ItemGroup>
  <ItemGroup>
    <None Include="..\AVEngine_AsyncRPC\AVEngine_AsyncRPC.Acf">
      <Filter>Resource Files</Filter>
    </None>
  </ItemGroup>
  <ItemGroup>
    <Midl Include="..\AVEngine_AsyncRPC\AVEngine_AsyncRPC.Idl">
      <Filter>Resource Files</Filter>
    </Midl>
  </ItemGroup>
  <ItemGroup>
    <ResourceCompile Include="..\Logger\JMessage.rc">
      <Filter>Resource Files</Filter>
    </ResourceCompile>
  </ItemGroup>
</Project>